
Microsoft Visual Studio Solution File, Format Version 12.00
# Visual Studio Version 17
VisualStudioVersion = 17.11.35312.102
MinimumVisualStudioVersion = 10.0.40219.1
Project("{FAE04EC0-301F-11D3-BF4B-00C04F79EFBC}") = "ReporteadorUCAH", "ReporteadorUCAH\ReporteadorUCAH.csproj", "{43338770-A132-410F-BEC0-F9CE1E7FC959}"
EndProject
Global
	GlobalSection(SolutionConfigurationPlatforms) = preSolution
		Debug|Any CPU = Debug|Any CPU
		Release|Any CPU = Release|Any CPU
	EndGlobalSection
	GlobalSection(ProjectConfigurationPlatforms) = postSolution
		{43338770-A132-410F-BEC0-F9CE1E7FC959}.Debug|Any CPU.ActiveCfg = Debug|Any CPU
		{43338770-A132-410F-BEC0-F9CE1E7FC959}.Debug|Any CPU.Build.0 = Debug|Any CPU
		{43338770-A132-410F-BEC0-F9CE1E7FC959}.Release|Any CPU.ActiveCfg = Release|Any CPU
		{43338770-A132-410F-BEC0-F9CE1E7FC959}.Release|Any CPU.Build.0 = Release|Any CPU
	EndGlobalSection
	GlobalSection(SolutionProperties) = preSolution
		HideSolutionNode = FALSE
	EndGlobalSection
	GlobalSection(ExtensibilityGlobals) = postSolution
		SolutionGuid = {B1C29D71-7920-441E-95C4-5560B1FEB5E5}
	EndGlobalSection
EndGlobal
